{
    "_readme": [
        "This file locks the dependencies of your project to a known state",
        "Read more about it at https://getcomposer.org/doc/01-basic-usage.md#installing-dependencies",
        "This file is @generated automatically"
    ],
    "content-hash": "f7e17379dd0592d882e75e9f47b61224",
    "packages": [
        {
            "name": "amphp/amp",
            "version": "v2.6.2",
            "source": {
                "type": "git",
                "url": "https://github.com/amphp/amp.git",
                "reference": "9d5100cebffa729aaffecd3ad25dc5aeea4f13bb"
            },
            "dist": {
                "type": "zip",
                "url": "https://api.github.com/repos/amphp/amp/zipball/9d5100cebffa729aaffecd3ad25dc5aeea4f13bb",
                "reference": "9d5100cebffa729aaffecd3ad25dc5aeea4f13bb",
                "shasum": ""
            },
            "require": {
                "php": ">=7.1"
            },
            "require-dev": {
                "amphp/php-cs-fixer-config": "dev-master",
                "amphp/phpunit-util": "^1",
                "ext-json": "*",
                "jetbrains/phpstorm-stubs": "^2019.3",
                "phpunit/phpunit": "^7 | ^8 | ^9",
                "psalm/phar": "^3.11@dev",
                "react/promise": "^2"
            },
            "type": "library",
            "extra": {
                "branch-alias": {
                    "dev-master": "2.x-dev"
                }
            },
            "autoload": {
                "files": [
                    "lib/functions.php",
                    "lib/Internal/functions.php"
                ],
                "psr-4": {
                    "Amp\\": "lib"
                }
            },
            "notification-url": "https://packagist.org/downloads/",
            "license": [
                "MIT"
            ],
            "authors": [
                {
                    "name": "Daniel Lowrey",
                    "email": "rdlowrey@php.net"
                },
                {
                    "name": "Aaron Piotrowski",
                    "email": "aaron@trowski.com"
                },
                {
                    "name": "Bob Weinand",
                    "email": "bobwei9@hotmail.com"
                },
                {
                    "name": "Niklas Keller",
                    "email": "me@kelunik.com"
                }
            ],
            "description": "A non-blocking concurrency framework for PHP applications.",
            "homepage": "https://amphp.org/amp",
            "keywords": [
                "async",
                "asynchronous",
                "awaitable",
                "concurrency",
                "event",
                "event-loop",
                "future",
                "non-blocking",
                "promise"
            ],
            "support": {
                "irc": "irc://irc.freenode.org/amphp",
                "issues": "https://github.com/amphp/amp/issues",
                "source": "https://github.com/amphp/amp/tree/v2.6.2"
            },
            "funding": [
                {
                    "url": "https://github.com/amphp",
                    "type": "github"
                }
            ],
            "time": "2022-02-20T17:52:18+00:00"
        },
        {
            "name": "amphp/byte-stream",
            "version": "v1.8.1",
            "source": {
                "type": "git",
                "url": "https://github.com/amphp/byte-stream.git",
                "reference": "acbd8002b3536485c997c4e019206b3f10ca15bd"
            },
            "dist": {
                "type": "zip",
                "url": "https://api.github.com/repos/amphp/byte-stream/zipball/acbd8002b3536485c997c4e019206b3f10ca15bd",
                "reference": "acbd8002b3536485c997c4e019206b3f10ca15bd",
                "shasum": ""
            },
            "require": {
                "amphp/amp": "^2",
                "php": ">=7.1"
            },
            "require-dev": {
                "amphp/php-cs-fixer-config": "dev-master",
                "amphp/phpunit-util": "^1.4",
                "friendsofphp/php-cs-fixer": "^2.3",
                "jetbrains/phpstorm-stubs": "^2019.3",
                "phpunit/phpunit": "^6 || ^7 || ^8",
                "psalm/phar": "^3.11.4"
            },
            "type": "library",
            "extra": {
                "branch-alias": {
                    "dev-master": "1.x-dev"
                }
            },
            "autoload": {
                "files": [
                    "lib/functions.php"
                ],
                "psr-4": {
                    "Amp\\ByteStream\\": "lib"
                }
            },
            "notification-url": "https://packagist.org/downloads/",
            "license": [
                "MIT"
            ],
            "authors": [
                {
                    "name": "Aaron Piotrowski",
                    "email": "aaron@trowski.com"
                },
                {
                    "name": "Niklas Keller",
                    "email": "me@kelunik.com"
                }
            ],
            "description": "A stream abstraction to make working with non-blocking I/O simple.",
            "homepage": "http://amphp.org/byte-stream",
            "keywords": [
                "amp",
                "amphp",
                "async",
                "io",
                "non-blocking",
                "stream"
            ],
            "support": {
                "irc": "irc://irc.freenode.org/amphp",
                "issues": "https://github.com/amphp/byte-stream/issues",
                "source": "https://github.com/amphp/byte-stream/tree/v1.8.1"
            },
            "funding": [
                {
                    "url": "https://github.com/amphp",
                    "type": "github"
                }
            ],
            "time": "2021-03-30T17:13:30+00:00"
        },
        {
            "name": "amphp/parallel",
            "version": "v1.4.3",
            "source": {
                "type": "git",
                "url": "https://github.com/amphp/parallel.git",
                "reference": "3aac213ba7858566fd83d38ccb85b91b2d652cb0"
            },
            "dist": {
                "type": "zip",
                "url": "https://api.github.com/repos/amphp/parallel/zipball/3aac213ba7858566fd83d38ccb85b91b2d652cb0",
                "reference": "3aac213ba7858566fd83d38ccb85b91b2d652cb0",
                "shasum": ""
            },
            "require": {
                "amphp/amp": "^2",
                "amphp/byte-stream": "^1.6.1",
                "amphp/parser": "^1",
                "amphp/process": "^1",
                "amphp/serialization": "^1",
                "amphp/sync": "^1.0.1",
                "php": ">=7.1"
            },
            "require-dev": {
                "amphp/php-cs-fixer-config": "dev-master",
                "amphp/phpunit-util": "^1.1",
                "phpunit/phpunit": "^8 || ^7"
            },
            "type": "library",
            "autoload": {
                "files": [
                    "lib/Context/functions.php",
                    "lib/Sync/functions.php",
                    "lib/Worker/functions.php"
                ],
                "psr-4": {
                    "Amp\\Parallel\\": "lib"
                }
            },
            "notification-url": "https://packagist.org/downloads/",
            "license": [
                "MIT"
            ],
            "authors": [
                {
                    "name": "Aaron Piotrowski",
                    "email": "aaron@trowski.com"
                },
                {
                    "name": "Stephen Coakley",
                    "email": "me@stephencoakley.com"
                }
            ],
            "description": "Parallel processing component for Amp.",
            "homepage": "https://github.com/amphp/parallel",
            "keywords": [
                "async",
                "asynchronous",
                "concurrent",
                "multi-processing",
                "multi-threading"
            ],
            "support": {
                "issues": "https://github.com/amphp/parallel/issues",
                "source": "https://github.com/amphp/parallel/tree/v1.4.3"
            },
            "funding": [
                {
                    "url": "https://github.com/amphp",
                    "type": "github"
                }
            ],
            "time": "2023-03-23T08:04:23+00:00"
        },
        {
            "name": "amphp/parallel-functions",
            "version": "v1.1.0",
            "source": {
                "type": "git",
                "url": "https://github.com/amphp/parallel-functions.git",
                "reference": "04e92fcacfc921a56dfe12c23b3265e62593a7cb"
            },
            "dist": {
                "type": "zip",
                "url": "https://api.github.com/repos/amphp/parallel-functions/zipball/04e92fcacfc921a56dfe12c23b3265e62593a7cb",
                "reference": "04e92fcacfc921a56dfe12c23b3265e62593a7cb",
                "shasum": ""
            },
            "require": {
                "amphp/amp": "^2.0.3",
                "amphp/parallel": "^1.4",
                "amphp/serialization": "^1.0",
                "laravel/serializable-closure": "^1.0",
                "php": ">=7.4"
            },
            "require-dev": {
                "amphp/php-cs-fixer-config": "v2.x-dev",
                "amphp/phpunit-util": "^2.0",
                "phpunit/phpunit": "^9.5.11"
            },
            "type": "library",
            "autoload": {
                "files": [
                    "src/functions.php"
                ],
                "psr-4": {
                    "Amp\\ParallelFunctions\\": "src"
                }
            },
            "notification-url": "https://packagist.org/downloads/",
            "license": [
                "MIT"
            ],
            "authors": [
                {
                    "name": "Niklas Keller",
                    "email": "me@kelunik.com"
                }
            ],
            "description": "Parallel processing made simple.",
            "support": {
                "issues": "https://github.com/amphp/parallel-functions/issues",
                "source": "https://github.com/amphp/parallel-functions/tree/v1.1.0"
            },
            "funding": [
                {
                    "url": "https://github.com/amphp",
                    "type": "github"
                }
            ],
            "time": "2022-02-03T19:32:41+00:00"
        },
        {
            "name": "amphp/parser",
            "version": "v1.1.0",
            "source": {
                "type": "git",
                "url": "https://github.com/amphp/parser.git",
                "reference": "ff1de4144726c5dad5fab97f66692ebe8de3e151"
            },
            "dist": {
                "type": "zip",
                "url": "https://api.github.com/repos/amphp/parser/zipball/ff1de4144726c5dad5fab97f66692ebe8de3e151",
                "reference": "ff1de4144726c5dad5fab97f66692ebe8de3e151",
                "shasum": ""
            },
            "require": {
                "php": ">=7.4"
            },
            "require-dev": {
                "amphp/php-cs-fixer-config": "^2",
                "phpunit/phpunit": "^9",
                "psalm/phar": "^5.4"
            },
            "type": "library",
            "autoload": {
                "psr-4": {
                    "Amp\\Parser\\": "src"
                }
            },
            "notification-url": "https://packagist.org/downloads/",
            "license": [
                "MIT"
            ],
            "authors": [
                {
                    "name": "Aaron Piotrowski",
                    "email": "aaron@trowski.com"
                },
                {
                    "name": "Niklas Keller",
                    "email": "me@kelunik.com"
                }
            ],
            "description": "A generator parser to make streaming parsers simple.",
            "homepage": "https://github.com/amphp/parser",
            "keywords": [
                "async",
                "non-blocking",
                "parser",
                "stream"
            ],
            "support": {
                "issues": "https://github.com/amphp/parser/issues",
                "source": "https://github.com/amphp/parser/tree/v1.1.0"
            },
            "funding": [
                {
                    "url": "https://github.com/amphp",
                    "type": "github"
                }
            ],
            "time": "2022-12-30T18:08:47+00:00"
        },
        {
            "name": "amphp/process",
            "version": "v1.1.4",
            "source": {
                "type": "git",
                "url": "https://github.com/amphp/process.git",
                "reference": "76e9495fd6818b43a20167cb11d8a67f7744ee0f"
            },
            "dist": {
                "type": "zip",
                "url": "https://api.github.com/repos/amphp/process/zipball/76e9495fd6818b43a20167cb11d8a67f7744ee0f",
                "reference": "76e9495fd6818b43a20167cb11d8a67f7744ee0f",
                "shasum": ""
            },
            "require": {
                "amphp/amp": "^2",
                "amphp/byte-stream": "^1.4",
                "php": ">=7"
            },
            "require-dev": {
                "amphp/php-cs-fixer-config": "dev-master",
                "amphp/phpunit-util": "^1",
                "phpunit/phpunit": "^6"
            },
            "type": "library",
            "autoload": {
                "files": [
                    "lib/functions.php"
                ],
                "psr-4": {
                    "Amp\\Process\\": "lib"
                }
            },
            "notification-url": "https://packagist.org/downloads/",
            "license": [
                "MIT"
            ],
            "authors": [
                {
                    "name": "Bob Weinand",
                    "email": "bobwei9@hotmail.com"
                },
                {
                    "name": "Aaron Piotrowski",
                    "email": "aaron@trowski.com"
                },
                {
                    "name": "Niklas Keller",
                    "email": "me@kelunik.com"
                }
            ],
            "description": "Asynchronous process manager.",
            "homepage": "https://github.com/amphp/process",
            "support": {
                "issues": "https://github.com/amphp/process/issues",
                "source": "https://github.com/amphp/process/tree/v1.1.4"
            },
            "funding": [
                {
                    "url": "https://github.com/amphp",
                    "type": "github"
                }
            ],
            "time": "2022-07-06T23:50:12+00:00"
        },
        {
            "name": "amphp/serialization",
            "version": "v1.0.0",
            "source": {
                "type": "git",
                "url": "https://github.com/amphp/serialization.git",
                "reference": "693e77b2fb0b266c3c7d622317f881de44ae94a1"
            },
            "dist": {
                "type": "zip",
                "url": "https://api.github.com/repos/amphp/serialization/zipball/693e77b2fb0b266c3c7d622317f881de44ae94a1",
                "reference": "693e77b2fb0b266c3c7d622317f881de44ae94a1",
                "shasum": ""
            },
            "require": {
                "php": ">=7.1"
            },
            "require-dev": {
                "amphp/php-cs-fixer-config": "dev-master",
                "phpunit/phpunit": "^9 || ^8 || ^7"
            },
            "type": "library",
            "autoload": {
                "files": [
                    "src/functions.php"
                ],
                "psr-4": {
                    "Amp\\Serialization\\": "src"
                }
            },
            "notification-url": "https://packagist.org/downloads/",
            "license": [
                "MIT"
            ],
            "authors": [
                {
                    "name": "Aaron Piotrowski",
                    "email": "aaron@trowski.com"
                },
                {
                    "name": "Niklas Keller",
                    "email": "me@kelunik.com"
                }
            ],
            "description": "Serialization tools for IPC and data storage in PHP.",
            "homepage": "https://github.com/amphp/serialization",
            "keywords": [
                "async",
                "asynchronous",
                "serialization",
                "serialize"
            ],
            "support": {
                "issues": "https://github.com/amphp/serialization/issues",
                "source": "https://github.com/amphp/serialization/tree/master"
            },
            "time": "2020-03-25T21:39:07+00:00"
        },
        {
            "name": "amphp/sync",
            "version": "v1.4.2",
            "source": {
                "type": "git",
                "url": "https://github.com/amphp/sync.git",
                "reference": "85ab06764f4f36d63b1356b466df6111cf4b89cf"
            },
            "dist": {
                "type": "zip",
                "url": "https://api.github.com/repos/amphp/sync/zipball/85ab06764f4f36d63b1356b466df6111cf4b89cf",
                "reference": "85ab06764f4f36d63b1356b466df6111cf4b89cf",
                "shasum": ""
            },
            "require": {
                "amphp/amp": "^2.2",
                "php": ">=7.1"
            },
            "require-dev": {
                "amphp/php-cs-fixer-config": "dev-master",
                "amphp/phpunit-util": "^1.1",
                "phpunit/phpunit": "^9 || ^8 || ^7"
            },
            "type": "library",
            "autoload": {
                "files": [
                    "src/functions.php",
                    "src/ConcurrentIterator/functions.php"
                ],
                "psr-4": {
                    "Amp\\Sync\\": "src"
                }
            },
            "notification-url": "https://packagist.org/downloads/",
            "license": [
                "MIT"
            ],
            "authors": [
                {
                    "name": "Aaron Piotrowski",
                    "email": "aaron@trowski.com"
                },
                {
                    "name": "Stephen Coakley",
                    "email": "me@stephencoakley.com"
                }
            ],
            "description": "Mutex, Semaphore, and other synchronization tools for Amp.",
            "homepage": "https://github.com/amphp/sync",
            "keywords": [
                "async",
                "asynchronous",
                "mutex",
                "semaphore",
                "synchronization"
            ],
            "support": {
                "issues": "https://github.com/amphp/sync/issues",
                "source": "https://github.com/amphp/sync/tree/v1.4.2"
            },
            "funding": [
                {
                    "url": "https://github.com/amphp",
                    "type": "github"
                }
            ],
            "time": "2021-10-25T18:29:10+00:00"
        },
        {
            "name": "illuminate/collections",
            "version": "v10.13.5",
            "source": {
                "type": "git",
                "url": "https://github.com/illuminate/collections.git",
                "reference": "73652e915e56531e08c06bd356d8fa8bc346812e"
            },
            "dist": {
                "type": "zip",
                "url": "https://api.github.com/repos/illuminate/collections/zipball/73652e915e56531e08c06bd356d8fa8bc346812e",
                "reference": "73652e915e56531e08c06bd356d8fa8bc346812e",
                "shasum": ""
            },
            "require": {
                "illuminate/conditionable": "^10.0",
                "illuminate/contracts": "^10.0",
                "illuminate/macroable": "^10.0",
                "php": "^8.1"
            },
            "suggest": {
                "symfony/var-dumper": "Required to use the dump method (^6.2)."
            },
            "type": "library",
            "extra": {
                "branch-alias": {
                    "dev-master": "10.x-dev"
                }
            },
            "autoload": {
                "files": [
                    "helpers.php"
                ],
                "psr-4": {
                    "Illuminate\\Support\\": ""
                }
            },
            "notification-url": "https://packagist.org/downloads/",
            "license": [
                "MIT"
            ],
            "authors": [
                {
                    "name": "Taylor Otwell",
                    "email": "taylor@laravel.com"
                }
            ],
            "description": "The Illuminate Collections package.",
            "homepage": "https://laravel.com",
            "support": {
                "issues": "https://github.com/laravel/framework/issues",
                "source": "https://github.com/laravel/framework"
            },
            "time": "2023-05-24T17:26:41+00:00"
        },
        {
            "name": "illuminate/conditionable",
            "version": "v10.13.5",
            "source": {
                "type": "git",
                "url": "https://github.com/illuminate/conditionable.git",
                "reference": "d0958e4741fc9d6f516a552060fd1b829a85e009"
            },
            "dist": {
                "type": "zip",
                "url": "https://api.github.com/repos/illuminate/conditionable/zipball/d0958e4741fc9d6f516a552060fd1b829a85e009",
                "reference": "d0958e4741fc9d6f516a552060fd1b829a85e009",
                "shasum": ""
            },
            "require": {
                "php": "^8.0.2"
            },
            "type": "library",
            "extra": {
                "branch-alias": {
                    "dev-master": "10.x-dev"
                }
            },
            "autoload": {
                "psr-4": {
                    "Illuminate\\Support\\": ""
                }
            },
            "notification-url": "https://packagist.org/downloads/",
            "license": [
                "MIT"
            ],
            "authors": [
                {
                    "name": "Taylor Otwell",
                    "email": "taylor@laravel.com"
                }
            ],
            "description": "The Illuminate Conditionable package.",
            "homepage": "https://laravel.com",
            "support": {
                "issues": "https://github.com/laravel/framework/issues",
                "source": "https://github.com/laravel/framework"
            },
            "time": "2023-02-03T08:06:17+00:00"
        },
        {
            "name": "illuminate/contracts",
            "version": "v10.13.5",
            "source": {
                "type": "git",
                "url": "https://github.com/illuminate/contracts.git",
                "reference": "93605a5fc27cead6746d84796725c7c0d7d51d62"
            },
            "dist": {
                "type": "zip",
                "url": "https://api.github.com/repos/illuminate/contracts/zipball/93605a5fc27cead6746d84796725c7c0d7d51d62",
                "reference": "93605a5fc27cead6746d84796725c7c0d7d51d62",
                "shasum": ""
            },
            "require": {
                "php": "^8.1",
                "psr/container": "^1.1.1|^2.0.1",
                "psr/simple-cache": "^1.0|^2.0|^3.0"
            },
            "type": "library",
            "extra": {
                "branch-alias": {
                    "dev-master": "10.x-dev"
                }
            },
            "autoload": {
                "psr-4": {
                    "Illuminate\\Contracts\\": ""
                }
            },
            "notification-url": "https://packagist.org/downloads/",
            "license": [
                "MIT"
            ],
            "authors": [
                {
                    "name": "Taylor Otwell",
                    "email": "taylor@laravel.com"
                }
            ],
            "description": "The Illuminate Contracts package.",
            "homepage": "https://laravel.com",
            "support": {
                "issues": "https://github.com/laravel/framework/issues",
                "source": "https://github.com/laravel/framework"
            },
            "time": "2023-06-06T15:23:52+00:00"
        },
        {
            "name": "illuminate/macroable",
            "version": "v10.13.5",
            "source": {
                "type": "git",
                "url": "https://github.com/illuminate/macroable.git",
                "reference": "dff667a46ac37b634dcf68909d9d41e94dc97c27"
            },
            "dist": {
                "type": "zip",
                "url": "https://api.github.com/repos/illuminate/macroable/zipball/dff667a46ac37b634dcf68909d9d41e94dc97c27",
                "reference": "dff667a46ac37b634dcf68909d9d41e94dc97c27",
                "shasum": ""
            },
            "require": {
                "php": "^8.1"
            },
            "type": "library",
            "extra": {
                "branch-alias": {
                    "dev-master": "10.x-dev"
                }
            },
            "autoload": {
                "psr-4": {
                    "Illuminate\\Support\\": ""
                }
            },
            "notification-url": "https://packagist.org/downloads/",
            "license": [
                "MIT"
            ],
            "authors": [
                {
                    "name": "Taylor Otwell",
                    "email": "taylor@laravel.com"
                }
            ],
            "description": "The Illuminate Macroable package.",
            "homepage": "https://laravel.com",
            "support": {
                "issues": "https://github.com/laravel/framework/issues",
                "source": "https://github.com/laravel/framework"
            },
            "time": "2023-06-05T12:46:42+00:00"
        },
        {
            "name": "laravel/serializable-closure",
            "version": "v1.3.0",
            "source": {
                "type": "git",
                "url": "https://github.com/laravel/serializable-closure.git",
                "reference": "f23fe9d4e95255dacee1bf3525e0810d1a1b0f37"
            },
            "dist": {
                "type": "zip",
                "url": "https://api.github.com/repos/laravel/serializable-closure/zipball/f23fe9d4e95255dacee1bf3525e0810d1a1b0f37",
                "reference": "f23fe9d4e95255dacee1bf3525e0810d1a1b0f37",
                "shasum": ""
            },
            "require": {
                "php": "^7.3|^8.0"
            },
            "require-dev": {
                "nesbot/carbon": "^2.61",
                "pestphp/pest": "^1.21.3",
                "phpstan/phpstan": "^1.8.2",
                "symfony/var-dumper": "^5.4.11"
            },
            "type": "library",
            "extra": {
                "branch-alias": {
                    "dev-master": "1.x-dev"
                }
            },
            "autoload": {
                "psr-4": {
                    "Laravel\\SerializableClosure\\": "src/"
                }
            },
            "notification-url": "https://packagist.org/downloads/",
            "license": [
                "MIT"
            ],
            "authors": [
                {
                    "name": "Taylor Otwell",
                    "email": "taylor@laravel.com"
                },
                {
                    "name": "Nuno Maduro",
                    "email": "nuno@laravel.com"
                }
            ],
            "description": "Laravel Serializable Closure provides an easy and secure way to serialize closures in PHP.",
            "keywords": [
                "closure",
                "laravel",
                "serializable"
            ],
            "support": {
                "issues": "https://github.com/laravel/serializable-closure/issues",
                "source": "https://github.com/laravel/serializable-closure"
            },
            "time": "2023-01-30T18:31:20+00:00"
        },
        {
            "name": "psr/container",
            "version": "2.0.2",
            "source": {
                "type": "git",
                "url": "https://github.com/php-fig/container.git",
                "reference": "c71ecc56dfe541dbd90c5360474fbc405f8d5963"
            },
            "dist": {
                "type": "zip",
                "url": "https://api.github.com/repos/php-fig/container/zipball/c71ecc56dfe541dbd90c5360474fbc405f8d5963",
                "reference": "c71ecc56dfe541dbd90c5360474fbc405f8d5963",
                "shasum": ""
            },
            "require": {
                "php": ">=7.4.0"
            },
            "type": "library",
            "extra": {
                "branch-alias": {
                    "dev-master": "2.0.x-dev"
                }
            },
            "autoload": {
                "psr-4": {
                    "Psr\\Container\\": "src/"
                }
            },
            "notification-url": "https://packagist.org/downloads/",
            "license": [
                "MIT"
            ],
            "authors": [
                {
                    "name": "PHP-FIG",
                    "homepage": "https://www.php-fig.org/"
                }
            ],
            "description": "Common Container Interface (PHP FIG PSR-11)",
            "homepage": "https://github.com/php-fig/container",
            "keywords": [
                "PSR-11",
                "container",
                "container-interface",
                "container-interop",
                "psr"
            ],
            "support": {
                "issues": "https://github.com/php-fig/container/issues",
                "source": "https://github.com/php-fig/container/tree/2.0.2"
            },
            "time": "2021-11-05T16:47:00+00:00"
        },
        {
            "name": "psr/simple-cache",
            "version": "3.0.0",
            "source": {
                "type": "git",
                "url": "https://github.com/php-fig/simple-cache.git",
                "reference": "764e0b3939f5ca87cb904f570ef9be2d78a07865"
            },
            "dist": {
                "type": "zip",
                "url": "https://api.github.com/repos/php-fig/simple-cache/zipball/764e0b3939f5ca87cb904f570ef9be2d78a07865",
                "reference": "764e0b3939f5ca87cb904f570ef9be2d78a07865",
                "shasum": ""
            },
            "require": {
                "php": ">=8.0.0"
            },
            "type": "library",
            "extra": {
                "branch-alias": {
                    "dev-master": "3.0.x-dev"
                }
            },
            "autoload": {
                "psr-4": {
                    "Psr\\SimpleCache\\": "src/"
                }
            },
            "notification-url": "https://packagist.org/downloads/",
            "license": [
                "MIT"
            ],
            "authors": [
                {
                    "name": "PHP-FIG",
                    "homepage": "https://www.php-fig.org/"
                }
            ],
            "description": "Common interfaces for simple caching",
            "keywords": [
                "cache",
                "caching",
                "psr",
                "psr-16",
                "simple-cache"
            ],
            "support": {
                "source": "https://github.com/php-fig/simple-cache/tree/3.0.0"
            },
            "time": "2021-10-29T13:26:27+00:00"
        },
        {
            "name": "spatie/laravel-package-tools",
            "version": "1.15.0",
            "source": {
                "type": "git",
                "url": "https://github.com/spatie/laravel-package-tools.git",
                "reference": "efab1844b8826443135201c4443690f032c3d533"
            },
            "dist": {
                "type": "zip",
                "url": "https://api.github.com/repos/spatie/laravel-package-tools/zipball/efab1844b8826443135201c4443690f032c3d533",
                "reference": "efab1844b8826443135201c4443690f032c3d533",
                "shasum": ""
            },
            "require": {
                "illuminate/contracts": "^9.28|^10.0",
                "php": "^8.0"
            },
            "require-dev": {
                "mockery/mockery": "^1.5",
                "orchestra/testbench": "^7.7|^8.0",
                "pestphp/pest": "^1.22",
                "phpunit/phpunit": "^9.5.24",
                "spatie/pest-plugin-test-time": "^1.1"
            },
            "type": "library",
            "autoload": {
                "psr-4": {
                    "Spatie\\LaravelPackageTools\\": "src"
                }
            },
            "notification-url": "https://packagist.org/downloads/",
            "license": [
                "MIT"
            ],
            "authors": [
                {
                    "name": "Freek Van der Herten",
                    "email": "freek@spatie.be",
                    "role": "Developer"
                }
            ],
            "description": "Tools for creating Laravel packages",
            "homepage": "https://github.com/spatie/laravel-package-tools",
            "keywords": [
                "laravel-package-tools",
                "spatie"
            ],
            "support": {
                "issues": "https://github.com/spatie/laravel-package-tools/issues",
                "source": "https://github.com/spatie/laravel-package-tools/tree/1.15.0"
            },
            "funding": [
                {
                    "url": "https://github.com/spatie",
                    "type": "github"
                }
            ],
            "time": "2023-04-27T08:09:01+00:00"
        },
        {
            "name": "spatie/php-structure-discoverer",
            "version": "1.1.1",
            "source": {
                "type": "git",
                "url": "https://github.com/spatie/php-structure-discoverer.git",
                "reference": "86e3124b0b3400473724bc1c6fc1a29d2431de50"
            },
            "dist": {
                "type": "zip",
                "url": "https://api.github.com/repos/spatie/php-structure-discoverer/zipball/86e3124b0b3400473724bc1c6fc1a29d2431de50",
                "reference": "86e3124b0b3400473724bc1c6fc1a29d2431de50",
                "shasum": ""
            },
            "require": {
                "amphp/amp": "^2.6.2",
                "amphp/parallel": "^1.4.1",
                "amphp/parallel-functions": "^1.1",
                "illuminate/collections": "^9.30|^10.0",
                "php": "^8.1",
                "spatie/laravel-package-tools": "^1.4.3",
                "symfony/finder": "^6.0"
            },
            "require-dev": {
                "illuminate/console": "^9.30|^10.0",
                "laravel/pint": "^1.0",
                "nunomaduro/collision": "^6.0",
                "nunomaduro/larastan": "^2.0.1",
                "orchestra/testbench": "^7.0|^8.0",
                "pestphp/pest": "^1.21",
                "pestphp/pest-plugin-laravel": "^1.1",
                "phpstan/extension-installer": "^1.1",
                "phpstan/phpstan-deprecation-rules": "^1.0",
                "phpstan/phpstan-phpunit": "^1.0",
                "phpunit/phpunit": "^9.5",
                "spatie/laravel-ray": "^1.26"
            },
            "type": "library",
            "extra": {
                "laravel": {
                    "providers": [
                        "Spatie\\StructureDiscoverer\\StructureDiscovererServiceProvider"
                    ]
                }
            },
            "autoload": {
                "psr-4": {
                    "Spatie\\StructureDiscoverer\\": "src"
                }
            },
            "notification-url": "https://packagist.org/downloads/",
            "license": [
                "MIT"
            ],
            "authors": [
                {
                    "name": "Ruben Van Assche",
                    "email": "ruben@spatie.be",
                    "role": "Developer"
                }
            ],
            "description": "Automatically discover structures within your PHP application",
            "homepage": "https://github.com/spatie/php-structure-discoverer",
            "keywords": [
                "discover",
                "laravel",
                "php",
                "php-structure-discoverer"
            ],
            "support": {
                "issues": "https://github.com/spatie/php-structure-discoverer/issues",
                "source": "https://github.com/spatie/php-structure-discoverer/tree/1.1.1"
            },
            "funding": [
                {
                    "url": "https://github.com/LaravelAutoDiscoverer",
                    "type": "github"
                }
            ],
            "time": "2023-03-24T10:45:05+00:00"
        },
        {
            "name": "symfony/finder",
            "version": "v6.3.0",
            "source": {
                "type": "git",
                "url": "https://github.com/symfony/finder.git",
                "reference": "d9b01ba073c44cef617c7907ce2419f8d00d75e2"
            },
            "dist": {
                "type": "zip",
                "url": "https://api.github.com/repos/symfony/finder/zipball/d9b01ba073c44cef617c7907ce2419f8d00d75e2",
                "reference": "d9b01ba073c44cef617c7907ce2419f8d00d75e2",
                "shasum": ""
            },
            "require": {
                "php": ">=8.1"
            },
            "require-dev": {
                "symfony/filesystem": "^6.0"
            },
            "type": "library",
            "autoload": {
                "psr-4": {
                    "Symfony\\Component\\Finder\\": ""
                },
                "exclude-from-classmap": [
                    "/Tests/"
                ]
            },
            "notification-url": "https://packagist.org/downloads/",
            "license": [
                "MIT"
            ],
            "authors": [
                {
                    "name": "Fabien Potencier",
                    "email": "fabien@symfony.com"
                },
                {
                    "name": "Symfony Community",
                    "homepage": "https://symfony.com/contributors"
                }
            ],
            "description": "Finds files and directories via an intuitive fluent interface",
            "homepage": "https://symfony.com",
            "support": {
                "source": "https://github.com/symfony/finder/tree/v6.3.0"
            },
            "funding": [
                {
                    "url": "https://symfony.com/sponsor",
                    "type": "custom"
                },
                {
                    "url": "https://github.com/fabpot",
                    "type": "github"
                },
                {
                    "url": "https://tidelift.com/funding/github/packagist/symfony/symfony",
                    "type": "tidelift"
                }
            ],
            "time": "2023-04-02T01:25:41+00:00"
        }
    ],
    "packages-dev": [],
    "aliases": [],
    "minimum-stability": "stable",
    "stability-flags": [],
    "prefer-stable": false,
    "prefer-lowest": false,
    "platform": [],
    "platform-dev": [],
    "plugin-api-version": "2.3.0"
}
